
Microsoft Visual Studio Solution File, Format Version 12.00
# Visual Studio Version 16
VisualStudioVersion = 16.0.31624.102
MinimumVisualStudioVersion = 10.0.40219.1
Project("{FAE04EC0-301F-11D3-BF4B-00C04F79EFBC}") = "Api", "Api\Api.csproj", "{7F48F3B5-E11D-4997-B009-D2708316C1B0}"
EndProject
Project("{FAE04EC0-301F-11D3-BF4B-00C04F79EFBC}") = "Web", "Web\Web.csproj", "{3B8A8DC9-8EBF-477C-A002-1C23FD8B849D}"
EndProject
Global
	GlobalSection(SolutionConfigurationPlatforms) = preSolution
		Debug|Any CPU = Debug|Any CPU
		Release|Any CPU = Release|Any CPU
	EndGlobalSection
	GlobalSection(ProjectConfigurationPlatforms) = postSolution
		{7F48F3B5-E11D-4997-B009-D2708316C1B0}.Debug|Any CPU.ActiveCfg = Debug|Any CPU
		{7F48F3B5-E11D-4997-B009-D2708316C1B0}.Debug|Any CPU.Build.0 = Debug|Any CPU
		{7F48F3B5-E11D-4997-B009-D2708316C1B0}.Release|Any CPU.ActiveCfg = Release|Any CPU
		{7F48F3B5-E11D-4997-B009-D2708316C1B0}.Release|Any CPU.Build.0 = Release|Any CPU
		{3B8A8DC9-8EBF-477C-A002-1C23FD8B849D}.Debug|Any CPU.ActiveCfg = Debug|Any CPU
		{3B8A8DC9-8EBF-477C-A002-1C23FD8B849D}.Debug|Any CPU.Build.0 = Debug|Any CPU
		{3B8A8DC9-8EBF-477C-A002-1C23FD8B849D}.Release|Any CPU.ActiveCfg = Release|Any CPU
		{3B8A8DC9-8EBF-477C-A002-1C23FD8B849D}.Release|Any CPU.Build.0 = Release|Any CPU
	EndGlobalSection
	GlobalSection(SolutionProperties) = preSolution
		HideSolutionNode = FALSE
	EndGlobalSection
	GlobalSection(ExtensibilityGlobals) = postSolution
		SolutionGuid = {A65A11DC-3755-412F-A322-DE0D6F797C6E}
	EndGlobalSection
EndGlobal
